
Microsoft Visual Studio Solution File, Format Version 12.00
# Visual Studio 15
VisualStudioVersion = 15.0.28010.2016
MinimumVisualStudioVersion = 10.0.40219.1
Project("{FAE04EC0-301F-11D3-BF4B-00C04F79EFBC}") = "ProcesosMetLife", "ProcesosMetLife\ProcesosMetLife.csproj", "{61AFA452-97D7-43F6-834E-B114567A7525}"
EndProject
Project("{FAE04EC0-301F-11D3-BF4B-00C04F79EFBC}") = "ProcesosMetLife.Funciones", "ProcesosMetLife.Funciones\ProcesosMetLife.Funciones.csproj", "{10A8D49E-825F-4C8A-A48C-F2C57B876BDE}"
EndProject
Project("{FAE04EC0-301F-11D3-BF4B-00C04F79EFBC}") = "ProcesosMetLife.Propiedades", "ProcesosMetLife.Propiedades\ProcesosMetLife.Propiedades.csproj", "{F2C1FB74-74A5-4989-BFC1-57DE707EE6C1}"
EndProject
Project("{FAE04EC0-301F-11D3-BF4B-00C04F79EFBC}") = "ProcesosMetLife.Negocio.Sistema", "ProcesosMetLife.Negocio.Sistema\ProcesosMetLife.Negocio.Sistema.csproj", "{ABB698E8-C882-4EF5-A427-D93FA14E8544}"
EndProject
Project("{FAE04EC0-301F-11D3-BF4B-00C04F79EFBC}") = "ProcesosMetLife.IU", "ProcesosMetLife.IU\ProcesosMetLife.IU.csproj", "{FBF8C1F6-69D6-45D5-9CF1-49CDFEDA0169}"
EndProject
Project("{FAE04EC0-301F-11D3-BF4B-00C04F79EFBC}") = "ProcesosMetLife.AccesoDatos", "ProcesosMetLife.AccesoDatos\ProcesosMetLife.AccesoDatos.csproj", "{01AAC009-9553-4C60-8378-CAA12A0BA2E6}"
EndProject
Project("{FAE04EC0-301F-11D3-BF4B-00C04F79EFBC}") = "ProcesosMetLife.Seguridad", "ProcesosMetLife.Seguridad\ProcesosMetLife.Seguridad.csproj", "{8959A30D-74C0-415C-8F81-99AC18A040B2}"
EndProject
Project("{FAE04EC0-301F-11D3-BF4B-00C04F79EFBC}") = "ProcesosMetLife.RegistraLog", "ProcesosMetLife.RegistraLog\ProcesosMetLife.RegistraLog.csproj", "{4849FFE4-0C3A-4C5F-B612-B745F969AD4A}"
EndProject
Project("{FAE04EC0-301F-11D3-BF4B-00C04F79EFBC}") = "ProcesosMetLife.Negocio.Inicializador", "ProcesosMetLife.Inicializador\ProcesosMetLife.Negocio.Inicializador.csproj", "{DFF58996-5047-4C8D-BA45-E233726C919E}"
EndProject
Project("{FAE04EC0-301F-11D3-BF4B-00C04F79EFBC}") = "ProcesosMetLife.Negocio.Catalogos", "ProcesosMetLife.Negocio.Catalogos\ProcesosMetLife.Negocio.Catalogos.csproj", "{C2974CB1-028C-4C8E-A7B0-E00EECA6B86E}"
EndProject
Project("{FAE04EC0-301F-11D3-BF4B-00C04F79EFBC}") = "ProcesosMetLife.Enums", "ProcesosMetLife.Enums\ProcesosMetLife.Enums.csproj", "{95049667-9034-4C9C-98A4-43ECAE4370B9}"
EndProject
Project("{FAE04EC0-301F-11D3-BF4B-00C04F79EFBC}") = "ProcesosMetLife.Negocio.Procesos.Auditoria", "ProcesosMetLife.Negocio.Procesos.Auditoria\ProcesosMetLife.Negocio.Procesos.Auditoria.csproj", "{073A9A8D-0B06-4BB5-BD45-353BC8F60CA2}"
EndProject
Project("{FAE04EC0-301F-11D3-BF4B-00C04F79EFBC}") = "ProcesosMetLife.Negocio.Procesos.ISSSTE", "ProcesosMetLife.Negocio.Procesos.ISSSTE\ProcesosMetLife.Negocio.Procesos.ISSSTE.csproj", "{0111B722-EA67-469A-B06B-425DCD4DA1BC}"
EndProject
Project("{FAE04EC0-301F-11D3-BF4B-00C04F79EFBC}") = "ProcesosMetLife.AccesoDatos.ISSSTE", "ProcesosMetLife.AccesoDatos.ISSSSTE\ProcesosMetLife.AccesoDatos.ISSSTE.csproj", "{9F46898C-D6A1-4A1C-9CB3-0D6068E49985}"
EndProject
Project("{FAE04EC0-301F-11D3-BF4B-00C04F79EFBC}") = "ProcesosMetLife.AccesoDatos.MDM", "ProcesosMetLife.AccesoDatos.MDM\ProcesosMetLife.AccesoDatos.MDM.csproj", "{8D3B08BA-EE3C-4ABD-973C-86EBC9D5CC17}"
EndProject
Project("{FAE04EC0-301F-11D3-BF4B-00C04F79EFBC}") = "ProcesosMetLife.Negocio.Procesos.MDM", "ProcesosMetLife.Procesos.MDM\ProcesosMetLife.Negocio.Procesos.MDM.csproj", "{F907BEA4-DBA5-4CD3-AC3C-74C7ABE9186A}"
EndProject
Project("{FAE04EC0-301F-11D3-BF4B-00C04F79EFBC}") = "ProcesosMetLife.AccesoDatos.UNAM", "ProcesosMetLife.AccesoDatos.UNAM\ProcesosMetLife.AccesoDatos.UNAM.csproj", "{D9F896B9-99AE-426C-B0E9-79975C908975}"
EndProject
Project("{FAE04EC0-301F-11D3-BF4B-00C04F79EFBC}") = "ProcesosMetLife.Negocio.Procesos.UNAM", "ProcesosMetLife.Negocio.Procesos.UNAM\ProcesosMetLife.Negocio.Procesos.UNAM.csproj", "{7427838E-FF41-4C0A-B1E2-3EFC31AC409E}"
EndProject
Global
	GlobalSection(SolutionConfigurationPlatforms) = preSolution
		Debug|Any CPU = Debug|Any CPU
		Debug|x86 = Debug|x86
		DebugLocal|Any CPU = DebugLocal|Any CPU
		DebugLocal|x86 = DebugLocal|x86
		Release|Any CPU = Release|Any CPU
		Release|x86 = Release|x86
	EndGlobalSection
	GlobalSection(ProjectConfigurationPlatforms) = postSolution
		{61AFA452-97D7-43F6-834E-B114567A7525}.Debug|Any CPU.ActiveCfg = Debug|Any CPU
		{61AFA452-97D7-43F6-834E-B114567A7525}.Debug|Any CPU.Build.0 = Debug|Any CPU
		{61AFA452-97D7-43F6-834E-B114567A7525}.Debug|x86.ActiveCfg = Debug|Any CPU
		{61AFA452-97D7-43F6-834E-B114567A7525}.Debug|x86.Build.0 = Debug|Any CPU
		{61AFA452-97D7-43F6-834E-B114567A7525}.DebugLocal|Any CPU.ActiveCfg = Debug|Any CPU
		{61AFA452-97D7-43F6-834E-B114567A7525}.DebugLocal|Any CPU.Build.0 = Debug|Any CPU
		{61AFA452-97D7-43F6-834E-B114567A7525}.DebugLocal|x86.ActiveCfg = Debug|x86
		{61AFA452-97D7-43F6-834E-B114567A7525}.DebugLocal|x86.Build.0 = Debug|x86
		{61AFA452-97D7-43F6-834E-B114567A7525}.Release|Any CPU.ActiveCfg = Release|Any CPU
		{61AFA452-97D7-43F6-834E-B114567A7525}.Release|Any CPU.Build.0 = Release|Any CPU
		{61AFA452-97D7-43F6-834E-B114567A7525}.Release|x86.ActiveCfg = Release|x86
		{61AFA452-97D7-43F6-834E-B114567A7525}.Release|x86.Build.0 = Release|x86
		{10A8D49E-825F-4C8A-A48C-F2C57B876BDE}.Debug|Any CPU.ActiveCfg = Debug|Any CPU
		{10A8D49E-825F-4C8A-A48C-F2C57B876BDE}.Debug|Any CPU.Build.0 = Debug|Any CPU
		{10A8D49E-825F-4C8A-A48C-F2C57B876BDE}.Debug|x86.ActiveCfg = Debug|Any CPU
		{10A8D49E-825F-4C8A-A48C-F2C57B876BDE}.Debug|x86.Build.0 = Debug|Any CPU
		{10A8D49E-825F-4C8A-A48C-F2C57B876BDE}.DebugLocal|Any CPU.ActiveCfg = Debug|Any CPU
		{10A8D49E-825F-4C8A-A48C-F2C57B876BDE}.DebugLocal|Any CPU.Build.0 = Debug|Any CPU
		{10A8D49E-825F-4C8A-A48C-F2C57B876BDE}.DebugLocal|x86.ActiveCfg = Debug|Any CPU
		{10A8D49E-825F-4C8A-A48C-F2C57B876BDE}.DebugLocal|x86.Build.0 = Debug|Any CPU
		{10A8D49E-825F-4C8A-A48C-F2C57B876BDE}.Release|Any CPU.ActiveCfg = Release|Any CPU
		{10A8D49E-825F-4C8A-A48C-F2C57B876BDE}.Release|Any CPU.Build.0 = Release|Any CPU
		{10A8D49E-825F-4C8A-A48C-F2C57B876BDE}.Release|x86.ActiveCfg = Release|Any CPU
		{10A8D49E-825F-4C8A-A48C-F2C57B876BDE}.Release|x86.Build.0 = Release|Any CPU
		{F2C1FB74-74A5-4989-BFC1-57DE707EE6C1}.Debug|Any CPU.ActiveCfg = Debug|Any CPU
		{F2C1FB74-74A5-4989-BFC1-57DE707EE6C1}.Debug|Any CPU.Build.0 = Debug|Any CPU
		{F2C1FB74-74A5-4989-BFC1-57DE707EE6C1}.Debug|x86.ActiveCfg = Debug|Any CPU
		{F2C1FB74-74A5-4989-BFC1-57DE707EE6C1}.Debug|x86.Build.0 = Debug|Any CPU
		{F2C1FB74-74A5-4989-BFC1-57DE707EE6C1}.DebugLocal|Any CPU.ActiveCfg = Debug|Any CPU
		{F2C1FB74-74A5-4989-BFC1-57DE707EE6C1}.DebugLocal|Any CPU.Build.0 = Debug|Any CPU
		{F2C1FB74-74A5-4989-BFC1-57DE707EE6C1}.DebugLocal|x86.ActiveCfg = Debug|Any CPU
		{F2C1FB74-74A5-4989-BFC1-57DE707EE6C1}.DebugLocal|x86.Build.0 = Debug|Any CPU
		{F2C1FB74-74A5-4989-BFC1-57DE707EE6C1}.Release|Any CPU.ActiveCfg = Release|Any CPU
		{F2C1FB74-74A5-4989-BFC1-57DE707EE6C1}.Release|Any CPU.Build.0 = Release|Any CPU
		{F2C1FB74-74A5-4989-BFC1-57DE707EE6C1}.Release|x86.ActiveCfg = Release|Any CPU
		{F2C1FB74-74A5-4989-BFC1-57DE707EE6C1}.Release|x86.Build.0 = Release|Any CPU
		{ABB698E8-C882-4EF5-A427-D93FA14E8544}.Debug|Any CPU.ActiveCfg = Debug|Any CPU
		{ABB698E8-C882-4EF5-A427-D93FA14E8544}.Debug|Any CPU.Build.0 = Debug|Any CPU
		{ABB698E8-C882-4EF5-A427-D93FA14E8544}.Debug|x86.ActiveCfg = Debug|Any CPU
		{ABB698E8-C882-4EF5-A427-D93FA14E8544}.Debug|x86.Build.0 = Debug|Any CPU
		{ABB698E8-C882-4EF5-A427-D93FA14E8544}.DebugLocal|Any CPU.ActiveCfg = Debug|Any CPU
		{ABB698E8-C882-4EF5-A427-D93FA14E8544}.DebugLocal|Any CPU.Build.0 = Debug|Any CPU
		{ABB698E8-C882-4EF5-A427-D93FA14E8544}.DebugLocal|x86.ActiveCfg = Debug|Any CPU
		{ABB698E8-C882-4EF5-A427-D93FA14E8544}.DebugLocal|x86.Build.0 = Debug|Any CPU
		{ABB698E8-C882-4EF5-A427-D93FA14E8544}.Release|Any CPU.ActiveCfg = Release|Any CPU
		{ABB698E8-C882-4EF5-A427-D93FA14E8544}.Release|Any CPU.Build.0 = Release|Any CPU
		{ABB698E8-C882-4EF5-A427-D93FA14E8544}.Release|x86.ActiveCfg = Release|Any CPU
		{ABB698E8-C882-4EF5-A427-D93FA14E8544}.Release|x86.Build.0 = Release|Any CPU
		{FBF8C1F6-69D6-45D5-9CF1-49CDFEDA0169}.Debug|Any CPU.ActiveCfg = Debug|Any CPU
		{FBF8C1F6-69D6-45D5-9CF1-49CDFEDA0169}.Debug|Any CPU.Build.0 = Debug|Any CPU
		{FBF8C1F6-69D6-45D5-9CF1-49CDFEDA0169}.Debug|x86.ActiveCfg = Debug|Any CPU
		{FBF8C1F6-69D6-45D5-9CF1-49CDFEDA0169}.Debug|x86.Build.0 = Debug|Any CPU
		{FBF8C1F6-69D6-45D5-9CF1-49CDFEDA0169}.DebugLocal|Any CPU.ActiveCfg = Debug|Any CPU
		{FBF8C1F6-69D6-45D5-9CF1-49CDFEDA0169}.DebugLocal|Any CPU.Build.0 = Debug|Any CPU
		{FBF8C1F6-69D6-45D5-9CF1-49CDFEDA0169}.DebugLocal|x86.ActiveCfg = Debug|Any CPU
		{FBF8C1F6-69D6-45D5-9CF1-49CDFEDA0169}.DebugLocal|x86.Build.0 = Debug|Any CPU
		{FBF8C1F6-69D6-45D5-9CF1-49CDFEDA0169}.Release|Any CPU.ActiveCfg = Release|Any CPU
		{FBF8C1F6-69D6-45D5-9CF1-49CDFEDA0169}.Release|Any CPU.Build.0 = Release|Any CPU
		{FBF8C1F6-69D6-45D5-9CF1-49CDFEDA0169}.Release|x86.ActiveCfg = Release|Any CPU
		{FBF8C1F6-69D6-45D5-9CF1-49CDFEDA0169}.Release|x86.Build.0 = Release|Any CPU
		{01AAC009-9553-4C60-8378-CAA12A0BA2E6}.Debug|Any CPU.ActiveCfg = Debug|Any CPU
		{01AAC009-9553-4C60-8378-CAA12A0BA2E6}.Debug|Any CPU.Build.0 = Debug|Any CPU
		{01AAC009-9553-4C60-8378-CAA12A0BA2E6}.Debug|x86.ActiveCfg = Debug|Any CPU
		{01AAC009-9553-4C60-8378-CAA12A0BA2E6}.Debug|x86.Build.0 = Debug|Any CPU
		{01AAC009-9553-4C60-8378-CAA12A0BA2E6}.DebugLocal|Any CPU.ActiveCfg = Debug|Any CPU
		{01AAC009-9553-4C60-8378-CAA12A0BA2E6}.DebugLocal|Any CPU.Build.0 = Debug|Any CPU
		{01AAC009-9553-4C60-8378-CAA12A0BA2E6}.DebugLocal|x86.ActiveCfg = Debug|Any CPU
		{01AAC009-9553-4C60-8378-CAA12A0BA2E6}.DebugLocal|x86.Build.0 = Debug|Any CPU
		{01AAC009-9553-4C60-8378-CAA12A0BA2E6}.Release|Any CPU.ActiveCfg = Release|Any CPU
		{01AAC009-9553-4C60-8378-CAA12A0BA2E6}.Release|Any CPU.Build.0 = Release|Any CPU
		{01AAC009-9553-4C60-8378-CAA12A0BA2E6}.Release|x86.ActiveCfg = Release|Any CPU
		{01AAC009-9553-4C60-8378-CAA12A0BA2E6}.Release|x86.Build.0 = Release|Any CPU
		{8959A30D-74C0-415C-8F81-99AC18A040B2}.Debug|Any CPU.ActiveCfg = Debug|Any CPU
		{8959A30D-74C0-415C-8F81-99AC18A040B2}.Debug|Any CPU.Build.0 = Debug|Any CPU
		{8959A30D-74C0-415C-8F81-99AC18A040B2}.Debug|x86.ActiveCfg = Debug|Any CPU
		{8959A30D-74C0-415C-8F81-99AC18A040B2}.Debug|x86.Build.0 = Debug|Any CPU
		{8959A30D-74C0-415C-8F81-99AC18A040B2}.DebugLocal|Any CPU.ActiveCfg = Debug|Any CPU
		{8959A30D-74C0-415C-8F81-99AC18A040B2}.DebugLocal|Any CPU.Build.0 = Debug|Any CPU
		{8959A30D-74C0-415C-8F81-99AC18A040B2}.DebugLocal|x86.ActiveCfg = Debug|Any CPU
		{8959A30D-74C0-415C-8F81-99AC18A040B2}.DebugLocal|x86.Build.0 = Debug|Any CPU
		{8959A30D-74C0-415C-8F81-99AC18A040B2}.Release|Any CPU.ActiveCfg = Release|Any CPU
		{8959A30D-74C0-415C-8F81-99AC18A040B2}.Release|Any CPU.Build.0 = Release|Any CPU
		{8959A30D-74C0-415C-8F81-99AC18A040B2}.Release|x86.ActiveCfg = Release|Any CPU
		{8959A30D-74C0-415C-8F81-99AC18A040B2}.Release|x86.Build.0 = Release|Any CPU
		{4849FFE4-0C3A-4C5F-B612-B745F969AD4A}.Debug|Any CPU.ActiveCfg = Debug|Any CPU
		{4849FFE4-0C3A-4C5F-B612-B745F969AD4A}.Debug|Any CPU.Build.0 = Debug|Any CPU
		{4849FFE4-0C3A-4C5F-B612-B745F969AD4A}.Debug|x86.ActiveCfg = Debug|Any CPU
		{4849FFE4-0C3A-4C5F-B612-B745F969AD4A}.Debug|x86.Build.0 = Debug|Any CPU
		{4849FFE4-0C3A-4C5F-B612-B745F969AD4A}.DebugLocal|Any CPU.ActiveCfg = Debug|Any CPU
		{4849FFE4-0C3A-4C5F-B612-B745F969AD4A}.DebugLocal|Any CPU.Build.0 = Debug|Any CPU
		{4849FFE4-0C3A-4C5F-B612-B745F969AD4A}.DebugLocal|x86.ActiveCfg = Debug|Any CPU
		{4849FFE4-0C3A-4C5F-B612-B745F969AD4A}.DebugLocal|x86.Build.0 = Debug|Any CPU
		{4849FFE4-0C3A-4C5F-B612-B745F969AD4A}.Release|Any CPU.ActiveCfg = Release|Any CPU
		{4849FFE4-0C3A-4C5F-B612-B745F969AD4A}.Release|Any CPU.Build.0 = Release|Any CPU
		{4849FFE4-0C3A-4C5F-B612-B745F969AD4A}.Release|x86.ActiveCfg = Release|Any CPU
		{4849FFE4-0C3A-4C5F-B612-B745F969AD4A}.Release|x86.Build.0 = Release|Any CPU
		{DFF58996-5047-4C8D-BA45-E233726C919E}.Debug|Any CPU.ActiveCfg = Debug|Any CPU
		{DFF58996-5047-4C8D-BA45-E233726C919E}.Debug|Any CPU.Build.0 = Debug|Any CPU
		{DFF58996-5047-4C8D-BA45-E233726C919E}.Debug|x86.ActiveCfg = Debug|Any CPU
		{DFF58996-5047-4C8D-BA45-E233726C919E}.Debug|x86.Build.0 = Debug|Any CPU
		{DFF58996-5047-4C8D-BA45-E233726C919E}.DebugLocal|Any CPU.ActiveCfg = Debug|Any CPU
		{DFF58996-5047-4C8D-BA45-E233726C919E}.DebugLocal|Any CPU.Build.0 = Debug|Any CPU
		{DFF58996-5047-4C8D-BA45-E233726C919E}.DebugLocal|x86.ActiveCfg = Debug|Any CPU
		{DFF58996-5047-4C8D-BA45-E233726C919E}.DebugLocal|x86.Build.0 = Debug|Any CPU
		{DFF58996-5047-4C8D-BA45-E233726C919E}.Release|Any CPU.ActiveCfg = Release|Any CPU
		{DFF58996-5047-4C8D-BA45-E233726C919E}.Release|Any CPU.Build.0 = Release|Any CPU
		{DFF58996-5047-4C8D-BA45-E233726C919E}.Release|x86.ActiveCfg = Release|Any CPU
		{DFF58996-5047-4C8D-BA45-E233726C919E}.Release|x86.Build.0 = Release|Any CPU
		{C2974CB1-028C-4C8E-A7B0-E00EECA6B86E}.Debug|Any CPU.ActiveCfg = Debug|Any CPU
		{C2974CB1-028C-4C8E-A7B0-E00EECA6B86E}.Debug|Any CPU.Build.0 = Debug|Any CPU
		{C2974CB1-028C-4C8E-A7B0-E00EECA6B86E}.Debug|x86.ActiveCfg = Debug|Any CPU
		{C2974CB1-028C-4C8E-A7B0-E00EECA6B86E}.Debug|x86.Build.0 = Debug|Any CPU
		{C2974CB1-028C-4C8E-A7B0-E00EECA6B86E}.DebugLocal|Any CPU.ActiveCfg = Debug|Any CPU
		{C2974CB1-028C-4C8E-A7B0-E00EECA6B86E}.DebugLocal|Any CPU.Build.0 = Debug|Any CPU
		{C2974CB1-028C-4C8E-A7B0-E00EECA6B86E}.DebugLocal|x86.ActiveCfg = Debug|Any CPU
		{C2974CB1-028C-4C8E-A7B0-E00EECA6B86E}.DebugLocal|x86.Build.0 = Debug|Any CPU
		{C2974CB1-028C-4C8E-A7B0-E00EECA6B86E}.Release|Any CPU.ActiveCfg = Release|Any CPU
		{C2974CB1-028C-4C8E-A7B0-E00EECA6B86E}.Release|Any CPU.Build.0 = Release|Any CPU
		{C2974CB1-028C-4C8E-A7B0-E00EECA6B86E}.Release|x86.ActiveCfg = Release|Any CPU
		{C2974CB1-028C-4C8E-A7B0-E00EECA6B86E}.Release|x86.Build.0 = Release|Any CPU
		{95049667-9034-4C9C-98A4-43ECAE4370B9}.Debug|Any CPU.ActiveCfg = Debug|Any CPU
		{95049667-9034-4C9C-98A4-43ECAE4370B9}.Debug|Any CPU.Build.0 = Debug|Any CPU
		{95049667-9034-4C9C-98A4-43ECAE4370B9}.Debug|x86.ActiveCfg = Debug|Any CPU
		{95049667-9034-4C9C-98A4-43ECAE4370B9}.Debug|x86.Build.0 = Debug|Any CPU
		{95049667-9034-4C9C-98A4-43ECAE4370B9}.DebugLocal|Any CPU.ActiveCfg = Debug|Any CPU
		{95049667-9034-4C9C-98A4-43ECAE4370B9}.DebugLocal|Any CPU.Build.0 = Debug|Any CPU
		{95049667-9034-4C9C-98A4-43ECAE4370B9}.DebugLocal|x86.ActiveCfg = Debug|Any CPU
		{95049667-9034-4C9C-98A4-43ECAE4370B9}.DebugLocal|x86.Build.0 = Debug|Any CPU
		{95049667-9034-4C9C-98A4-43ECAE4370B9}.Release|Any CPU.ActiveCfg = Release|Any CPU
		{95049667-9034-4C9C-98A4-43ECAE4370B9}.Release|Any CPU.Build.0 = Release|Any CPU
		{95049667-9034-4C9C-98A4-43ECAE4370B9}.Release|x86.ActiveCfg = Release|Any CPU
		{95049667-9034-4C9C-98A4-43ECAE4370B9}.Release|x86.Build.0 = Release|Any CPU
		{073A9A8D-0B06-4BB5-BD45-353BC8F60CA2}.Debug|Any CPU.ActiveCfg = Debug|Any CPU
		{073A9A8D-0B06-4BB5-BD45-353BC8F60CA2}.Debug|Any CPU.Build.0 = Debug|Any CPU
		{073A9A8D-0B06-4BB5-BD45-353BC8F60CA2}.Debug|x86.ActiveCfg = Debug|Any CPU
		{073A9A8D-0B06-4BB5-BD45-353BC8F60CA2}.Debug|x86.Build.0 = Debug|Any CPU
		{073A9A8D-0B06-4BB5-BD45-353BC8F60CA2}.DebugLocal|Any CPU.ActiveCfg = Debug|Any CPU
		{073A9A8D-0B06-4BB5-BD45-353BC8F60CA2}.DebugLocal|Any CPU.Build.0 = Debug|Any CPU
		{073A9A8D-0B06-4BB5-BD45-353BC8F60CA2}.DebugLocal|x86.ActiveCfg = Debug|Any CPU
		{073A9A8D-0B06-4BB5-BD45-353BC8F60CA2}.DebugLocal|x86.Build.0 = Debug|Any CPU
		{073A9A8D-0B06-4BB5-BD45-353BC8F60CA2}.Release|Any CPU.ActiveCfg = Release|Any CPU
		{073A9A8D-0B06-4BB5-BD45-353BC8F60CA2}.Release|Any CPU.Build.0 = Release|Any CPU
		{073A9A8D-0B06-4BB5-BD45-353BC8F60CA2}.Release|x86.ActiveCfg = Release|Any CPU
		{073A9A8D-0B06-4BB5-BD45-353BC8F60CA2}.Release|x86.Build.0 = Release|Any CPU
		{0111B722-EA67-469A-B06B-425DCD4DA1BC}.Debug|Any CPU.ActiveCfg = Debug|Any CPU
		{0111B722-EA67-469A-B06B-425DCD4DA1BC}.Debug|Any CPU.Build.0 = Debug|Any CPU
		{0111B722-EA67-469A-B06B-425DCD4DA1BC}.Debug|x86.ActiveCfg = Debug|Any CPU
		{0111B722-EA67-469A-B06B-425DCD4DA1BC}.Debug|x86.Build.0 = Debug|Any CPU
		{0111B722-EA67-469A-B06B-425DCD4DA1BC}.DebugLocal|Any CPU.ActiveCfg = Debug|Any CPU
		{0111B722-EA67-469A-B06B-425DCD4DA1BC}.DebugLocal|Any CPU.Build.0 = Debug|Any CPU
		{0111B722-EA67-469A-B06B-425DCD4DA1BC}.DebugLocal|x86.ActiveCfg = Debug|Any CPU
		{0111B722-EA67-469A-B06B-425DCD4DA1BC}.DebugLocal|x86.Build.0 = Debug|Any CPU
		{0111B722-EA67-469A-B06B-425DCD4DA1BC}.Release|Any CPU.ActiveCfg = Release|Any CPU
		{0111B722-EA67-469A-B06B-425DCD4DA1BC}.Release|Any CPU.Build.0 = Release|Any CPU
		{0111B722-EA67-469A-B06B-425DCD4DA1BC}.Release|x86.ActiveCfg = Release|Any CPU
		{0111B722-EA67-469A-B06B-425DCD4DA1BC}.Release|x86.Build.0 = Release|Any CPU
		{9F46898C-D6A1-4A1C-9CB3-0D6068E49985}.Debug|Any CPU.ActiveCfg = Debug|Any CPU
		{9F46898C-D6A1-4A1C-9CB3-0D6068E49985}.Debug|Any CPU.Build.0 = Debug|Any CPU
		{9F46898C-D6A1-4A1C-9CB3-0D6068E49985}.Debug|x86.ActiveCfg = Debug|Any CPU
		{9F46898C-D6A1-4A1C-9CB3-0D6068E49985}.Debug|x86.Build.0 = Debug|Any CPU
		{9F46898C-D6A1-4A1C-9CB3-0D6068E49985}.DebugLocal|Any CPU.ActiveCfg = Debug|Any CPU
		{9F46898C-D6A1-4A1C-9CB3-0D6068E49985}.DebugLocal|Any CPU.Build.0 = Debug|Any CPU
		{9F46898C-D6A1-4A1C-9CB3-0D6068E49985}.DebugLocal|x86.ActiveCfg = Debug|Any CPU
		{9F46898C-D6A1-4A1C-9CB3-0D6068E49985}.DebugLocal|x86.Build.0 = Debug|Any CPU
		{9F46898C-D6A1-4A1C-9CB3-0D6068E49985}.Release|Any CPU.ActiveCfg = Release|Any CPU
		{9F46898C-D6A1-4A1C-9CB3-0D6068E49985}.Release|Any CPU.Build.0 = Release|Any CPU
		{9F46898C-D6A1-4A1C-9CB3-0D6068E49985}.Release|x86.ActiveCfg = Release|Any CPU
		{9F46898C-D6A1-4A1C-9CB3-0D6068E49985}.Release|x86.Build.0 = Release|Any CPU
		{8D3B08BA-EE3C-4ABD-973C-86EBC9D5CC17}.Debug|Any CPU.ActiveCfg = Debug|Any CPU
		{8D3B08BA-EE3C-4ABD-973C-86EBC9D5CC17}.Debug|Any CPU.Build.0 = Debug|Any CPU
		{8D3B08BA-EE3C-4ABD-973C-86EBC9D5CC17}.Debug|x86.ActiveCfg = Debug|Any CPU
		{8D3B08BA-EE3C-4ABD-973C-86EBC9D5CC17}.Debug|x86.Build.0 = Debug|Any CPU
		{8D3B08BA-EE3C-4ABD-973C-86EBC9D5CC17}.DebugLocal|Any CPU.ActiveCfg = Debug|Any CPU
		{8D3B08BA-EE3C-4ABD-973C-86EBC9D5CC17}.DebugLocal|Any CPU.Build.0 = Debug|Any CPU
		{8D3B08BA-EE3C-4ABD-973C-86EBC9D5CC17}.DebugLocal|x86.ActiveCfg = Debug|Any CPU
		{8D3B08BA-EE3C-4ABD-973C-86EBC9D5CC17}.DebugLocal|x86.Build.0 = Debug|Any CPU
		{8D3B08BA-EE3C-4ABD-973C-86EBC9D5CC17}.Release|Any CPU.ActiveCfg = Release|Any CPU
		{8D3B08BA-EE3C-4ABD-973C-86EBC9D5CC17}.Release|Any CPU.Build.0 = Release|Any CPU
		{8D3B08BA-EE3C-4ABD-973C-86EBC9D5CC17}.Release|x86.ActiveCfg = Release|Any CPU
		{8D3B08BA-EE3C-4ABD-973C-86EBC9D5CC17}.Release|x86.Build.0 = Release|Any CPU
		{F907BEA4-DBA5-4CD3-AC3C-74C7ABE9186A}.Debug|Any CPU.ActiveCfg = Debug|Any CPU
		{F907BEA4-DBA5-4CD3-AC3C-74C7ABE9186A}.Debug|Any CPU.Build.0 = Debug|Any CPU
		{F907BEA4-DBA5-4CD3-AC3C-74C7ABE9186A}.Debug|x86.ActiveCfg = Debug|Any CPU
		{F907BEA4-DBA5-4CD3-AC3C-74C7ABE9186A}.Debug|x86.Build.0 = Debug|Any CPU
		{F907BEA4-DBA5-4CD3-AC3C-74C7ABE9186A}.DebugLocal|Any CPU.ActiveCfg = Debug|Any CPU
		{F907BEA4-DBA5-4CD3-AC3C-74C7ABE9186A}.DebugLocal|Any CPU.Build.0 = Debug|Any CPU
		{F907BEA4-DBA5-4CD3-AC3C-74C7ABE9186A}.DebugLocal|x86.ActiveCfg = Debug|Any CPU
		{F907BEA4-DBA5-4CD3-AC3C-74C7ABE9186A}.DebugLocal|x86.Build.0 = Debug|Any CPU
		{F907BEA4-DBA5-4CD3-AC3C-74C7ABE9186A}.Release|Any CPU.ActiveCfg = Release|Any CPU
		{F907BEA4-DBA5-4CD3-AC3C-74C7ABE9186A}.Release|Any CPU.Build.0 = Release|Any CPU
		{F907BEA4-DBA5-4CD3-AC3C-74C7ABE9186A}.Release|x86.ActiveCfg = Release|Any CPU
		{F907BEA4-DBA5-4CD3-AC3C-74C7ABE9186A}.Release|x86.Build.0 = Release|Any CPU
		{D9F896B9-99AE-426C-B0E9-79975C908975}.Debug|Any CPU.ActiveCfg = Debug|Any CPU
		{D9F896B9-99AE-426C-B0E9-79975C908975}.Debug|Any CPU.Build.0 = Debug|Any CPU
		{D9F896B9-99AE-426C-B0E9-79975C908975}.Debug|x86.ActiveCfg = Debug|Any CPU
		{D9F896B9-99AE-426C-B0E9-79975C908975}.Debug|x86.Build.0 = Debug|Any CPU
		{D9F896B9-99AE-426C-B0E9-79975C908975}.DebugLocal|Any CPU.ActiveCfg = Debug|Any CPU
		{D9F896B9-99AE-426C-B0E9-79975C908975}.DebugLocal|Any CPU.Build.0 = Debug|Any CPU
		{D9F896B9-99AE-426C-B0E9-79975C908975}.DebugLocal|x86.ActiveCfg = Debug|Any CPU
		{D9F896B9-99AE-426C-B0E9-79975C908975}.DebugLocal|x86.Build.0 = Debug|Any CPU
		{D9F896B9-99AE-426C-B0E9-79975C908975}.Release|Any CPU.ActiveCfg = Release|Any CPU
		{D9F896B9-99AE-426C-B0E9-79975C908975}.Release|Any CPU.Build.0 = Release|Any CPU
		{D9F896B9-99AE-426C-B0E9-79975C908975}.Release|x86.ActiveCfg = Release|Any CPU
		{D9F896B9-99AE-426C-B0E9-79975C908975}.Release|x86.Build.0 = Release|Any CPU
		{7427838E-FF41-4C0A-B1E2-3EFC31AC409E}.Debug|Any CPU.ActiveCfg = Debug|Any CPU
		{7427838E-FF41-4C0A-B1E2-3EFC31AC409E}.Debug|Any CPU.Build.0 = Debug|Any CPU
		{7427838E-FF41-4C0A-B1E2-3EFC31AC409E}.Debug|x86.ActiveCfg = Debug|Any CPU
		{7427838E-FF41-4C0A-B1E2-3EFC31AC409E}.Debug|x86.Build.0 = Debug|Any CPU
		{7427838E-FF41-4C0A-B1E2-3EFC31AC409E}.DebugLocal|Any CPU.ActiveCfg = Debug|Any CPU
		{7427838E-FF41-4C0A-B1E2-3EFC31AC409E}.DebugLocal|Any CPU.Build.0 = Debug|Any CPU
		{7427838E-FF41-4C0A-B1E2-3EFC31AC409E}.DebugLocal|x86.ActiveCfg = Debug|Any CPU
		{7427838E-FF41-4C0A-B1E2-3EFC31AC409E}.DebugLocal|x86.Build.0 = Debug|Any CPU
		{7427838E-FF41-4C0A-B1E2-3EFC31AC409E}.Release|Any CPU.ActiveCfg = Release|Any CPU
		{7427838E-FF41-4C0A-B1E2-3EFC31AC409E}.Release|Any CPU.Build.0 = Release|Any CPU
		{7427838E-FF41-4C0A-B1E2-3EFC31AC409E}.Release|x86.ActiveCfg = Release|Any CPU
		{7427838E-FF41-4C0A-B1E2-3EFC31AC409E}.Release|x86.Build.0 = Release|Any CPU
	EndGlobalSection
	GlobalSection(SolutionProperties) = preSolution
		HideSolutionNode = FALSE
	EndGlobalSection
	GlobalSection(ExtensibilityGlobals) = postSolution
		SolutionGuid = {075D07D1-4E80-443C-9F18-290376437373}
	EndGlobalSection
EndGlobal
